
Microsoft Visual Studio Solution File, Format Version 12.00
# Visual Studio 2013
VisualStudioVersion = 12.0.21005.1
MinimumVisualStudioVersion = 10.0.40219.1
Project("{FAE04EC0-301F-11D3-BF4B-00C04F79EFBC}") = "Presentacion", "softwareComandas\Presentacion.csproj", "{FFF96FA9-30BB-40E9-BB13-A7540D52D1B2}"
EndProject
Project("{FAE04EC0-301F-11D3-BF4B-00C04F79EFBC}") = "Dominio", "Dominio\Dominio.csproj", "{D6DCB66C-7C8F-4A9E-ACB0-D369CBC05110}"
EndProject
Project("{FAE04EC0-301F-11D3-BF4B-00C04F79EFBC}") = "Repositorio", "Repositorio\Repositorio.csproj", "{9EA1F342-4776-4BD7-AAF2-56D2A3437040}"
EndProject
Project("{FAE04EC0-301F-11D3-BF4B-00C04F79EFBC}") = "Negocio", "Negocio\Negocio.csproj", "{FCCFDAF2-23CE-4637-93CC-C42B2E75B35A}"
EndProject
Global
	GlobalSection(SolutionConfigurationPlatforms) = preSolution
		Debug|Any CPU = Debug|Any CPU
		Release|Any CPU = Release|Any CPU
	EndGlobalSection
	GlobalSection(ProjectConfigurationPlatforms) = postSolution
		{FFF96FA9-30BB-40E9-BB13-A7540D52D1B2}.Debug|Any CPU.ActiveCfg = Debug|Any CPU
		{FFF96FA9-30BB-40E9-BB13-A7540D52D1B2}.Debug|Any CPU.Build.0 = Debug|Any CPU
		{FFF96FA9-30BB-40E9-BB13-A7540D52D1B2}.Release|Any CPU.ActiveCfg = Release|Any CPU
		{FFF96FA9-30BB-40E9-BB13-A7540D52D1B2}.Release|Any CPU.Build.0 = Release|Any CPU
		{D6DCB66C-7C8F-4A9E-ACB0-D369CBC05110}.Debug|Any CPU.ActiveCfg = Debug|Any CPU
		{D6DCB66C-7C8F-4A9E-ACB0-D369CBC05110}.Debug|Any CPU.Build.0 = Debug|Any CPU
		{D6DCB66C-7C8F-4A9E-ACB0-D369CBC05110}.Release|Any CPU.ActiveCfg = Release|Any CPU
		{D6DCB66C-7C8F-4A9E-ACB0-D369CBC05110}.Release|Any CPU.Build.0 = Release|Any CPU
		{9EA1F342-4776-4BD7-AAF2-56D2A3437040}.Debug|Any CPU.ActiveCfg = Debug|Any CPU
		{9EA1F342-4776-4BD7-AAF2-56D2A3437040}.Debug|Any CPU.Build.0 = Debug|Any CPU
		{9EA1F342-4776-4BD7-AAF2-56D2A3437040}.Release|Any CPU.ActiveCfg = Release|Any CPU
		{9EA1F342-4776-4BD7-AAF2-56D2A3437040}.Release|Any CPU.Build.0 = Release|Any CPU
		{FCCFDAF2-23CE-4637-93CC-C42B2E75B35A}.Debug|Any CPU.ActiveCfg = Debug|Any CPU
		{FCCFDAF2-23CE-4637-93CC-C42B2E75B35A}.Debug|Any CPU.Build.0 = Debug|Any CPU
		{FCCFDAF2-23CE-4637-93CC-C42B2E75B35A}.Release|Any CPU.ActiveCfg = Release|Any CPU
		{FCCFDAF2-23CE-4637-93CC-C42B2E75B35A}.Release|Any CPU.Build.0 = Release|Any CPU
	EndGlobalSection
	GlobalSection(SolutionProperties) = preSolution
		HideSolutionNode = FALSE
	EndGlobalSection
EndGlobal
